
Microsoft Visual Studio Solution File, Format Version 12.00
# Visual Studio Version 17
VisualStudioVersion = 17.8.34511.84
MinimumVisualStudioVersion = 10.0.40219.1
Project("{9A19103F-16F7-4668-BE54-9A1E7A4F7556}") = "HMS", "HMS\HMS.csproj", "{96FBC725-52F0-49C9-9C6E-2E605F03741E}"
EndProject
Global
	GlobalSection(SolutionConfigurationPlatforms) = preSolution
		Debug|Any CPU = Debug|Any CPU
		Release|Any CPU = Release|Any CPU
	EndGlobalSection
	GlobalSection(ProjectConfigurationPlatforms) = postSolution
		{96FBC725-52F0-49C9-9C6E-2E605F03741E}.Debug|Any CPU.ActiveCfg = Debug|Any CPU
		{96FBC725-52F0-49C9-9C6E-2E605F03741E}.Debug|Any CPU.Build.0 = Debug|Any CPU
		{96FBC725-52F0-49C9-9C6E-2E605F03741E}.Release|Any CPU.ActiveCfg = Release|Any CPU
		{96FBC725-52F0-49C9-9C6E-2E605F03741E}.Release|Any CPU.Build.0 = Release|Any CPU
	EndGlobalSection
	GlobalSection(SolutionProperties) = preSolution
		HideSolutionNode = FALSE
	EndGlobalSection
	GlobalSection(ExtensibilityGlobals) = postSolution
		SolutionGuid = {E9E63EB6-F2D1-41BB-B46E-212A76EF594E}
	EndGlobalSection
EndGlobal
